
Microsoft Visual Studio Solution File, Format Version 12.00
# Visual Studio Version 17
VisualStudioVersion = 17.0.32112.339
MinimumVisualStudioVersion = 10.0.40219.1
Project("{FAE04EC0-301F-11D3-BF4B-00C04F79EFBC}") = "ReconhendoTextoDeImagens", "ReconhendoTextoDeImagens.csproj", "{92F6199E-C47C-47C2-A272-D486B1DD885A}"
EndProject
Global
	GlobalSection(SolutionConfigurationPlatforms) = preSolution
		Debug|Any CPU = Debug|Any CPU
		Release|Any CPU = Release|Any CPU
	EndGlobalSection
	GlobalSection(ProjectConfigurationPlatforms) = postSolution
		{92F6199E-C47C-47C2-A272-D486B1DD885A}.Debug|Any CPU.ActiveCfg = Debug|Any CPU
		{92F6199E-C47C-47C2-A272-D486B1DD885A}.Debug|Any CPU.Build.0 = Debug|Any CPU
		{92F6199E-C47C-47C2-A272-D486B1DD885A}.Release|Any CPU.ActiveCfg = Release|Any CPU
		{92F6199E-C47C-47C2-A272-D486B1DD885A}.Release|Any CPU.Build.0 = Release|Any CPU
	EndGlobalSection
	GlobalSection(SolutionProperties) = preSolution
		HideSolutionNode = FALSE
	EndGlobalSection
	GlobalSection(ExtensibilityGlobals) = postSolution
		SolutionGuid = {35DE8411-8A7B-4D89-9BC6-24919D37ED62}
	EndGlobalSection
EndGlobal
